
Microsoft Visual Studio Solution File, Format Version 12.00
# Visual Studio 15
VisualStudioVersion = 15.0.28307.438
MinimumVisualStudioVersion = 10.0.40219.1
Project("{FAE04EC0-301F-11D3-BF4B-00C04F79EFBC}") = "Projekat", "Projekat\Projekat.csproj", "{10618C16-B42F-4FB5-A943-CA27176F7832}"
EndProject
Global
	GlobalSection(SolutionConfigurationPlatforms) = preSolution
		Debug|Any CPU = Debug|Any CPU
		Release|Any CPU = Release|Any CPU
	EndGlobalSection
	GlobalSection(ProjectConfigurationPlatforms) = postSolution
		{10618C16-B42F-4FB5-A943-CA27176F7832}.Debug|Any CPU.ActiveCfg = Debug|Any CPU
		{10618C16-B42F-4FB5-A943-CA27176F7832}.Debug|Any CPU.Build.0 = Debug|Any CPU
		{10618C16-B42F-4FB5-A943-CA27176F7832}.Release|Any CPU.ActiveCfg = Release|Any CPU
		{10618C16-B42F-4FB5-A943-CA27176F7832}.Release|Any CPU.Build.0 = Release|Any CPU
	EndGlobalSection
	GlobalSection(SolutionProperties) = preSolution
		HideSolutionNode = FALSE
	EndGlobalSection
	GlobalSection(ExtensibilityGlobals) = postSolution
		SolutionGuid = {29AB1EDC-5002-496A-85AC-2D8C841E3020}
	EndGlobalSection
EndGlobal
